
Microsoft Visual Studio Solution File, Format Version 12.00
# Visual Studio Version 17
VisualStudioVersion = 17.13.35806.99 d17.13
MinimumVisualStudioVersion = 10.0.40219.1
Project("{FAE04EC0-301F-11D3-BF4B-00C04F79EFBC}") = "EymenDogan_Öğrenci GeçtiKaldı", "EymenDogan_Öğrenci GeçtiKaldı.csproj", "{40740555-78C1-4C34-BFDB-0BACC2A5BF20}"
EndProject
Global
	GlobalSection(SolutionConfigurationPlatforms) = preSolution
		Debug|Any CPU = Debug|Any CPU
		Release|Any CPU = Release|Any CPU
	EndGlobalSection
	GlobalSection(ProjectConfigurationPlatforms) = postSolution
		{40740555-78C1-4C34-BFDB-0BACC2A5BF20}.Debug|Any CPU.ActiveCfg = Debug|Any CPU
		{40740555-78C1-4C34-BFDB-0BACC2A5BF20}.Debug|Any CPU.Build.0 = Debug|Any CPU
		{40740555-78C1-4C34-BFDB-0BACC2A5BF20}.Release|Any CPU.ActiveCfg = Release|Any CPU
		{40740555-78C1-4C34-BFDB-0BACC2A5BF20}.Release|Any CPU.Build.0 = Release|Any CPU
	EndGlobalSection
	GlobalSection(SolutionProperties) = preSolution
		HideSolutionNode = FALSE
	EndGlobalSection
	GlobalSection(ExtensibilityGlobals) = postSolution
		SolutionGuid = {10E6B3BD-0055-4D35-93C6-66026FC3C7E1}
	EndGlobalSection
EndGlobal
